{
  "name": "@elvis1513/auto-coding-skill",
  "version": "0.1.2",
  "lockfileVersion": 3,
  "requires": true,
  "packages": {
    "": {
      "name": "@elvis1513/auto-coding-skill",
      "version": "0.1.2",
      "license": "MIT",
      "bin": {
        "autocoding": "cli/src/index.js"
      }
    }
  }
}
